
Microsoft Visual Studio Solution File, Format Version 12.00
# Visual Studio Version 16
VisualStudioVersion = 16.0.30517.126
MinimumVisualStudioVersion = 10.0.40219.1
Project("{2150E333-8FDC-42A3-9474-1A3956D46DE8}") = "Array", "Array", "{5616532B-02A6-4AAF-A1C0-AC87AD275337}"
EndProject
Project("{9A19103F-16F7-4668-BE54-9A1E7A4F7556}") = "ArrayCustome", "Array\ArrayCustome\ArrayCustome.csproj", "{950E7FC8-DA53-457C-8F33-15C724449757}"
EndProject
Project("{9A19103F-16F7-4668-BE54-9A1E7A4F7556}") = "ContainsDuplicate", "Array\ContainsDuplicate\ContainsDuplicate.csproj", "{0AF6B8DF-1E18-4055-ACC2-E41D3D97B4D0}"
EndProject
Project("{9A19103F-16F7-4668-BE54-9A1E7A4F7556}") = "FindDuplicateNumberInRange", "Array\FindDuplicateNumberInRange\FindDuplicateNumberInRange.csproj", "{D5C79DAD-27A8-4E70-9122-6E7A47C4D6E2}"
EndProject
Project("{9A19103F-16F7-4668-BE54-9A1E7A4F7556}") = "FindDuplicateNumberNotINRange", "Array\FindDuplicateNumberNotINRange\FindDuplicateNumberNotINRange.csproj", "{0ED4D439-1AE8-40A3-A61D-F274BF1FB357}"
EndProject
Project("{9A19103F-16F7-4668-BE54-9A1E7A4F7556}") = "FindMissingNumber", "Array\FindMissingNumber\FindMissingNumber.csproj", "{41A0D7ED-98E4-4399-BC8D-8953B2AAD75E}"
EndProject
Project("{9A19103F-16F7-4668-BE54-9A1E7A4F7556}") = "FindMissingNumbers", "Array\FindMissingNumbers\FindMissingNumbers.csproj", "{0692A273-D0E5-4225-83AF-51348B73C0F3}"
EndProject
Project("{9A19103F-16F7-4668-BE54-9A1E7A4F7556}") = "FIndNMissingNumber", "Array\FIndNMissingNumber\FIndNMissingNumber.csproj", "{3206A328-DC6B-4156-B259-9518379875F4}"
EndProject
Project("{9A19103F-16F7-4668-BE54-9A1E7A4F7556}") = "FIndPairWithSameSum", "Array\FIndPairWithSameSum\FIndPairWithSameSum.csproj", "{FE43FBC8-9913-44D4-9811-8494AAF51FDD}"
EndProject
Project("{9A19103F-16F7-4668-BE54-9A1E7A4F7556}") = "FindTwoSum", "Array\FindTwoSum\FindTwoSum.csproj", "{4A67F4E5-59CE-4485-A688-FFA82CA5F3B6}"
EndProject
Project("{9A19103F-16F7-4668-BE54-9A1E7A4F7556}") = "HashTableAndHashsetDemo", "Array\HashTableAndHashsetDemo\HashTableAndHashsetDemo.csproj", "{84E88478-7934-4783-9F35-5C2910DFF5BB}"
EndProject
Project("{9A19103F-16F7-4668-BE54-9A1E7A4F7556}") = "LargestAndSmallestInUnSortedArray", "Array\LargestAndSmallestInUnSortedArray\LargestAndSmallestInUnSortedArray.csproj", "{F2E83611-15A6-4305-BA7B-4ABA0BD73FE2}"
EndProject
Project("{9A19103F-16F7-4668-BE54-9A1E7A4F7556}") = "LongestWord", "Array\LongestWord\LongestWord.csproj", "{29C9107A-333A-4E37-ADDB-9E176E5AAE75}"
EndProject
Project("{9A19103F-16F7-4668-BE54-9A1E7A4F7556}") = "MaximumSubarray", "Array\MaximumSubarray\MaximumSubarray.csproj", "{D7130894-4406-46B1-AF05-DB622B59C662}"
EndProject
Project("{9A19103F-16F7-4668-BE54-9A1E7A4F7556}") = "MergeSortedArray", "Array\MergeSortedArray\MergeSortedArray.csproj", "{98C76D7C-56C8-44DE-A894-8B4351FCC346}"
EndProject
Project("{9A19103F-16F7-4668-BE54-9A1E7A4F7556}") = "MoveZeroToTheEnd", "Array\MoveZeroToTheEnd\MoveZeroToTheEnd.csproj", "{DAC3867A-9DF4-4F9F-BBC0-683611453D78}"
EndProject
Project("{9A19103F-16F7-4668-BE54-9A1E7A4F7556}") = "RemoveDuplicateFromSortedArray", "Array\RemoveDuplicateFromSortedArray\RemoveDuplicateFromSortedArray.csproj", "{0A836A73-7818-4A4A-8B4A-CD47255B4A66}"
EndProject
Project("{9A19103F-16F7-4668-BE54-9A1E7A4F7556}") = "ReverseArray", "Array\ReverseArray\ReverseArray.csproj", "{5DB0735A-148D-4394-A43E-1B1D21219414}"
EndProject
Project("{9A19103F-16F7-4668-BE54-9A1E7A4F7556}") = "RotateArray", "Array\RotateArray\RotateArray.csproj", "{D4ED68A9-E3FA-4667-BC67-D46D4E81CD76}"
EndProject
Project("{2150E333-8FDC-42A3-9474-1A3956D46DE8}") = "DynamicPrograming", "DynamicPrograming", "{70081CBE-08B2-49C1-A5F5-66D288FAD3CA}"
EndProject
Project("{9A19103F-16F7-4668-BE54-9A1E7A4F7556}") = "Dynamic", "DynamicPrograming\Dynamic\Dynamic.csproj", "{97143B18-73B5-4C74-A983-E320CF325C5B}"
EndProject
Project("{2150E333-8FDC-42A3-9474-1A3956D46DE8}") = "Graph", "Graph", "{1A818091-17B1-42D6-A876-4778DDE3ED46}"
EndProject
Project("{9A19103F-16F7-4668-BE54-9A1E7A4F7556}") = "BFSAndDFS", "Graph\BFSAndDFS\BFSAndDFS.csproj", "{6D57C00E-D553-473D-B5E8-B6DEEB6FCA45}"
EndProject
Project("{9A19103F-16F7-4668-BE54-9A1E7A4F7556}") = "Graph", "Graph\Graph\Graph.csproj", "{261C1B66-1BC3-4CA6-BB86-8E0E28DFBBB2}"
EndProject
Project("{2150E333-8FDC-42A3-9474-1A3956D46DE8}") = "Hashtable", "Hashtable", "{334F96D6-5B0D-4A25-92CB-2F47B8F38727}"
EndProject
Project("{9A19103F-16F7-4668-BE54-9A1E7A4F7556}") = "CustomHashTable", "Hashtable\CustomHashTable\CustomHashTable.csproj", "{0250BD00-0DC8-40A0-A270-490EF9B954C8}"
EndProject
Project("{2150E333-8FDC-42A3-9474-1A3956D46DE8}") = "LinkedList", "LinkedList", "{CF6C882A-4139-42C9-8B77-F0243A3D161A}"
EndProject
Project("{9A19103F-16F7-4668-BE54-9A1E7A4F7556}") = "DLinkedList", "LinkedList\DLinkedList\DLinkedList.csproj", "{2AA2F510-234D-4627-AD59-C3362CC9DFAB}"
EndProject
Project("{9A19103F-16F7-4668-BE54-9A1E7A4F7556}") = "SLinkedList", "LinkedList\SLinkedList\SLinkedList.csproj", "{B1ED755C-4E83-470A-BA28-1813A20FECB6}"
EndProject
Project("{2150E333-8FDC-42A3-9474-1A3956D46DE8}") = "Queue", "Queue", "{3C7B67A4-3D58-455B-B157-8BD3931C4FF3}"
EndProject
Project("{9A19103F-16F7-4668-BE54-9A1E7A4F7556}") = "MyQueue", "Queue\MyQueue\MyQueue.csproj", "{296F41F0-27BD-4B84-95B7-A0DFFB4E64B7}"
EndProject
Project("{2150E333-8FDC-42A3-9474-1A3956D46DE8}") = "Stack", "Stack", "{CC0B9AEA-A1FB-4715-9AA7-5FD5F238AB3E}"
EndProject
Project("{9A19103F-16F7-4668-BE54-9A1E7A4F7556}") = "MyStack", "Stack\MyStack\MyStack.csproj", "{C8205B85-F7F2-4918-931B-C89B95FAC5F9}"
EndProject
Project("{2150E333-8FDC-42A3-9474-1A3956D46DE8}") = "Recursion", "Recursion", "{CF404F15-9635-471D-8B27-14E79096B989}"
EndProject
Project("{9A19103F-16F7-4668-BE54-9A1E7A4F7556}") = "Recursion", "Recursion\Recursion\Recursion.csproj", "{13FF0AB9-F4A7-4ABF-8B5E-01C5F68496FF}"
EndProject
Project("{2150E333-8FDC-42A3-9474-1A3956D46DE8}") = "Tree", "Tree", "{BB6C2B57-5CCB-4C6C-8EF6-77C4887E3166}"
EndProject
Project("{9A19103F-16F7-4668-BE54-9A1E7A4F7556}") = "BinarySearchTree", "Tree\BinarySearchTree\BinarySearchTree.csproj", "{8E09E29B-4DB0-4487-8408-19DF81366C30}"
EndProject
Project("{2150E333-8FDC-42A3-9474-1A3956D46DE8}") = "Algorithms", "Algorithms", "{BD1A856D-0DF4-4252-97B8-CFB53F0DE4DB}"
EndProject
Project("{9A19103F-16F7-4668-BE54-9A1E7A4F7556}") = "Searching", "Searching\Searching\Searching.csproj", "{B5477D4F-998B-4235-B693-725D3D33430A}"
EndProject
Project("{9A19103F-16F7-4668-BE54-9A1E7A4F7556}") = "Sortings", "Sortings\Sortings\Sortings.csproj", "{AC873E1D-69E7-4CF6-8F8F-98C58B2CEBF6}"
EndProject
Global
	GlobalSection(SolutionConfigurationPlatforms) = preSolution
		Debug|Any CPU = Debug|Any CPU
		Release|Any CPU = Release|Any CPU
	EndGlobalSection
	GlobalSection(ProjectConfigurationPlatforms) = postSolution
		{950E7FC8-DA53-457C-8F33-15C724449757}.Debug|Any CPU.ActiveCfg = Debug|Any CPU
		{950E7FC8-DA53-457C-8F33-15C724449757}.Debug|Any CPU.Build.0 = Debug|Any CPU
		{950E7FC8-DA53-457C-8F33-15C724449757}.Release|Any CPU.ActiveCfg = Release|Any CPU
		{950E7FC8-DA53-457C-8F33-15C724449757}.Release|Any CPU.Build.0 = Release|Any CPU
		{0AF6B8DF-1E18-4055-ACC2-E41D3D97B4D0}.Debug|Any CPU.ActiveCfg = Debug|Any CPU
		{0AF6B8DF-1E18-4055-ACC2-E41D3D97B4D0}.Debug|Any CPU.Build.0 = Debug|Any CPU
		{0AF6B8DF-1E18-4055-ACC2-E41D3D97B4D0}.Release|Any CPU.ActiveCfg = Release|Any CPU
		{0AF6B8DF-1E18-4055-ACC2-E41D3D97B4D0}.Release|Any CPU.Build.0 = Release|Any CPU
		{D5C79DAD-27A8-4E70-9122-6E7A47C4D6E2}.Debug|Any CPU.ActiveCfg = Debug|Any CPU
		{D5C79DAD-27A8-4E70-9122-6E7A47C4D6E2}.Debug|Any CPU.Build.0 = Debug|Any CPU
		{D5C79DAD-27A8-4E70-9122-6E7A47C4D6E2}.Release|Any CPU.ActiveCfg = Release|Any CPU
		{D5C79DAD-27A8-4E70-9122-6E7A47C4D6E2}.Release|Any CPU.Build.0 = Release|Any CPU
		{0ED4D439-1AE8-40A3-A61D-F274BF1FB357}.Debug|Any CPU.ActiveCfg = Debug|Any CPU
		{0ED4D439-1AE8-40A3-A61D-F274BF1FB357}.Debug|Any CPU.Build.0 = Debug|Any CPU
		{0ED4D439-1AE8-40A3-A61D-F274BF1FB357}.Release|Any CPU.ActiveCfg = Release|Any CPU
		{0ED4D439-1AE8-40A3-A61D-F274BF1FB357}.Release|Any CPU.Build.0 = Release|Any CPU
		{41A0D7ED-98E4-4399-BC8D-8953B2AAD75E}.Debug|Any CPU.ActiveCfg = Debug|Any CPU
		{41A0D7ED-98E4-4399-BC8D-8953B2AAD75E}.Debug|Any CPU.Build.0 = Debug|Any CPU
		{41A0D7ED-98E4-4399-BC8D-8953B2AAD75E}.Release|Any CPU.ActiveCfg = Release|Any CPU
		{41A0D7ED-98E4-4399-BC8D-8953B2AAD75E}.Release|Any CPU.Build.0 = Release|Any CPU
		{0692A273-D0E5-4225-83AF-51348B73C0F3}.Debug|Any CPU.ActiveCfg = Debug|Any CPU
		{0692A273-D0E5-4225-83AF-51348B73C0F3}.Debug|Any CPU.Build.0 = Debug|Any CPU
		{0692A273-D0E5-4225-83AF-51348B73C0F3}.Release|Any CPU.ActiveCfg = Release|Any CPU
		{0692A273-D0E5-4225-83AF-51348B73C0F3}.Release|Any CPU.Build.0 = Release|Any CPU
		{3206A328-DC6B-4156-B259-9518379875F4}.Debug|Any CPU.ActiveCfg = Debug|Any CPU
		{3206A328-DC6B-4156-B259-9518379875F4}.Debug|Any CPU.Build.0 = Debug|Any CPU
		{3206A328-DC6B-4156-B259-9518379875F4}.Release|Any CPU.ActiveCfg = Release|Any CPU
		{3206A328-DC6B-4156-B259-9518379875F4}.Release|Any CPU.Build.0 = Release|Any CPU
		{FE43FBC8-9913-44D4-9811-8494AAF51FDD}.Debug|Any CPU.ActiveCfg = Debug|Any CPU
		{FE43FBC8-9913-44D4-9811-8494AAF51FDD}.Debug|Any CPU.Build.0 = Debug|Any CPU
		{FE43FBC8-9913-44D4-9811-8494AAF51FDD}.Release|Any CPU.ActiveCfg = Release|Any CPU
		{FE43FBC8-9913-44D4-9811-8494AAF51FDD}.Release|Any CPU.Build.0 = Release|Any CPU
		{4A67F4E5-59CE-4485-A688-FFA82CA5F3B6}.Debug|Any CPU.ActiveCfg = Debug|Any CPU
		{4A67F4E5-59CE-4485-A688-FFA82CA5F3B6}.Debug|Any CPU.Build.0 = Debug|Any CPU
		{4A67F4E5-59CE-4485-A688-FFA82CA5F3B6}.Release|Any CPU.ActiveCfg = Release|Any CPU
		{4A67F4E5-59CE-4485-A688-FFA82CA5F3B6}.Release|Any CPU.Build.0 = Release|Any CPU
		{84E88478-7934-4783-9F35-5C2910DFF5BB}.Debug|Any CPU.ActiveCfg = Debug|Any CPU
		{84E88478-7934-4783-9F35-5C2910DFF5BB}.Debug|Any CPU.Build.0 = Debug|Any CPU
		{84E88478-7934-4783-9F35-5C2910DFF5BB}.Release|Any CPU.ActiveCfg = Release|Any CPU
		{84E88478-7934-4783-9F35-5C2910DFF5BB}.Release|Any CPU.Build.0 = Release|Any CPU
		{F2E83611-15A6-4305-BA7B-4ABA0BD73FE2}.Debug|Any CPU.ActiveCfg = Debug|Any CPU
		{F2E83611-15A6-4305-BA7B-4ABA0BD73FE2}.Debug|Any CPU.Build.0 = Debug|Any CPU
		{F2E83611-15A6-4305-BA7B-4ABA0BD73FE2}.Release|Any CPU.ActiveCfg = Release|Any CPU
		{F2E83611-15A6-4305-BA7B-4ABA0BD73FE2}.Release|Any CPU.Build.0 = Release|Any CPU
		{29C9107A-333A-4E37-ADDB-9E176E5AAE75}.Debug|Any CPU.ActiveCfg = Debug|Any CPU
		{29C9107A-333A-4E37-ADDB-9E176E5AAE75}.Debug|Any CPU.Build.0 = Debug|Any CPU
		{29C9107A-333A-4E37-ADDB-9E176E5AAE75}.Release|Any CPU.ActiveCfg = Release|Any CPU
		{29C9107A-333A-4E37-ADDB-9E176E5AAE75}.Release|Any CPU.Build.0 = Release|Any CPU
		{D7130894-4406-46B1-AF05-DB622B59C662}.Debug|Any CPU.ActiveCfg = Debug|Any CPU
		{D7130894-4406-46B1-AF05-DB622B59C662}.Debug|Any CPU.Build.0 = Debug|Any CPU
		{D7130894-4406-46B1-AF05-DB622B59C662}.Release|Any CPU.ActiveCfg = Release|Any CPU
		{D7130894-4406-46B1-AF05-DB622B59C662}.Release|Any CPU.Build.0 = Release|Any CPU
		{98C76D7C-56C8-44DE-A894-8B4351FCC346}.Debug|Any CPU.ActiveCfg = Debug|Any CPU
		{98C76D7C-56C8-44DE-A894-8B4351FCC346}.Debug|Any CPU.Build.0 = Debug|Any CPU
		{98C76D7C-56C8-44DE-A894-8B4351FCC346}.Release|Any CPU.ActiveCfg = Release|Any CPU
		{98C76D7C-56C8-44DE-A894-8B4351FCC346}.Release|Any CPU.Build.0 = Release|Any CPU
		{DAC3867A-9DF4-4F9F-BBC0-683611453D78}.Debug|Any CPU.ActiveCfg = Debug|Any CPU
		{DAC3867A-9DF4-4F9F-BBC0-683611453D78}.Debug|Any CPU.Build.0 = Debug|Any CPU
		{DAC3867A-9DF4-4F9F-BBC0-683611453D78}.Release|Any CPU.ActiveCfg = Release|Any CPU
		{DAC3867A-9DF4-4F9F-BBC0-683611453D78}.Release|Any CPU.Build.0 = Release|Any CPU
		{0A836A73-7818-4A4A-8B4A-CD47255B4A66}.Debug|Any CPU.ActiveCfg = Debug|Any CPU
		{0A836A73-7818-4A4A-8B4A-CD47255B4A66}.Debug|Any CPU.Build.0 = Debug|Any CPU
		{0A836A73-7818-4A4A-8B4A-CD47255B4A66}.Release|Any CPU.ActiveCfg = Release|Any CPU
		{0A836A73-7818-4A4A-8B4A-CD47255B4A66}.Release|Any CPU.Build.0 = Release|Any CPU
		{5DB0735A-148D-4394-A43E-1B1D21219414}.Debug|Any CPU.ActiveCfg = Debug|Any CPU
		{5DB0735A-148D-4394-A43E-1B1D21219414}.Debug|Any CPU.Build.0 = Debug|Any CPU
		{5DB0735A-148D-4394-A43E-1B1D21219414}.Release|Any CPU.ActiveCfg = Release|Any CPU
		{5DB0735A-148D-4394-A43E-1B1D21219414}.Release|Any CPU.Build.0 = Release|Any CPU
		{D4ED68A9-E3FA-4667-BC67-D46D4E81CD76}.Debug|Any CPU.ActiveCfg = Debug|Any CPU
		{D4ED68A9-E3FA-4667-BC67-D46D4E81CD76}.Debug|Any CPU.Build.0 = Debug|Any CPU
		{D4ED68A9-E3FA-4667-BC67-D46D4E81CD76}.Release|Any CPU.ActiveCfg = Release|Any CPU
		{D4ED68A9-E3FA-4667-BC67-D46D4E81CD76}.Release|Any CPU.Build.0 = Release|Any CPU
		{97143B18-73B5-4C74-A983-E320CF325C5B}.Debug|Any CPU.ActiveCfg = Debug|Any CPU
		{97143B18-73B5-4C74-A983-E320CF325C5B}.Debug|Any CPU.Build.0 = Debug|Any CPU
		{97143B18-73B5-4C74-A983-E320CF325C5B}.Release|Any CPU.ActiveCfg = Release|Any CPU
		{97143B18-73B5-4C74-A983-E320CF325C5B}.Release|Any CPU.Build.0 = Release|Any CPU
		{6D57C00E-D553-473D-B5E8-B6DEEB6FCA45}.Debug|Any CPU.ActiveCfg = Debug|Any CPU
		{6D57C00E-D553-473D-B5E8-B6DEEB6FCA45}.Debug|Any CPU.Build.0 = Debug|Any CPU
		{6D57C00E-D553-473D-B5E8-B6DEEB6FCA45}.Release|Any CPU.ActiveCfg = Release|Any CPU
		{6D57C00E-D553-473D-B5E8-B6DEEB6FCA45}.Release|Any CPU.Build.0 = Release|Any CPU
		{261C1B66-1BC3-4CA6-BB86-8E0E28DFBBB2}.Debug|Any CPU.ActiveCfg = Debug|Any CPU
		{261C1B66-1BC3-4CA6-BB86-8E0E28DFBBB2}.Debug|Any CPU.Build.0 = Debug|Any CPU
		{261C1B66-1BC3-4CA6-BB86-8E0E28DFBBB2}.Release|Any CPU.ActiveCfg = Release|Any CPU
		{261C1B66-1BC3-4CA6-BB86-8E0E28DFBBB2}.Release|Any CPU.Build.0 = Release|Any CPU
		{0250BD00-0DC8-40A0-A270-490EF9B954C8}.Debug|Any CPU.ActiveCfg = Debug|Any CPU
		{0250BD00-0DC8-40A0-A270-490EF9B954C8}.Debug|Any CPU.Build.0 = Debug|Any CPU
		{0250BD00-0DC8-40A0-A270-490EF9B954C8}.Release|Any CPU.ActiveCfg = Release|Any CPU
		{0250BD00-0DC8-40A0-A270-490EF9B954C8}.Release|Any CPU.Build.0 = Release|Any CPU
		{2AA2F510-234D-4627-AD59-C3362CC9DFAB}.Debug|Any CPU.ActiveCfg = Debug|Any CPU
		{2AA2F510-234D-4627-AD59-C3362CC9DFAB}.Debug|Any CPU.Build.0 = Debug|Any CPU
		{2AA2F510-234D-4627-AD59-C3362CC9DFAB}.Release|Any CPU.ActiveCfg = Release|Any CPU
		{2AA2F510-234D-4627-AD59-C3362CC9DFAB}.Release|Any CPU.Build.0 = Release|Any CPU
		{B1ED755C-4E83-470A-BA28-1813A20FECB6}.Debug|Any CPU.ActiveCfg = Debug|Any CPU
		{B1ED755C-4E83-470A-BA28-1813A20FECB6}.Debug|Any CPU.Build.0 = Debug|Any CPU
		{B1ED755C-4E83-470A-BA28-1813A20FECB6}.Release|Any CPU.ActiveCfg = Release|Any CPU
		{B1ED755C-4E83-470A-BA28-1813A20FECB6}.Release|Any CPU.Build.0 = Release|Any CPU
		{296F41F0-27BD-4B84-95B7-A0DFFB4E64B7}.Debug|Any CPU.ActiveCfg = Debug|Any CPU
		{296F41F0-27BD-4B84-95B7-A0DFFB4E64B7}.Debug|Any CPU.Build.0 = Debug|Any CPU
		{296F41F0-27BD-4B84-95B7-A0DFFB4E64B7}.Release|Any CPU.ActiveCfg = Release|Any CPU
		{296F41F0-27BD-4B84-95B7-A0DFFB4E64B7}.Release|Any CPU.Build.0 = Release|Any CPU
		{C8205B85-F7F2-4918-931B-C89B95FAC5F9}.Debug|Any CPU.ActiveCfg = Debug|Any CPU
		{C8205B85-F7F2-4918-931B-C89B95FAC5F9}.Debug|Any CPU.Build.0 = Debug|Any CPU
		{C8205B85-F7F2-4918-931B-C89B95FAC5F9}.Release|Any CPU.ActiveCfg = Release|Any CPU
		{C8205B85-F7F2-4918-931B-C89B95FAC5F9}.Release|Any CPU.Build.0 = Release|Any CPU
		{13FF0AB9-F4A7-4ABF-8B5E-01C5F68496FF}.Debug|Any CPU.ActiveCfg = Debug|Any CPU
		{13FF0AB9-F4A7-4ABF-8B5E-01C5F68496FF}.Debug|Any CPU.Build.0 = Debug|Any CPU
		{13FF0AB9-F4A7-4ABF-8B5E-01C5F68496FF}.Release|Any CPU.ActiveCfg = Release|Any CPU
		{13FF0AB9-F4A7-4ABF-8B5E-01C5F68496FF}.Release|Any CPU.Build.0 = Release|Any CPU
		{8E09E29B-4DB0-4487-8408-19DF81366C30}.Debug|Any CPU.ActiveCfg = Debug|Any CPU
		{8E09E29B-4DB0-4487-8408-19DF81366C30}.Debug|Any CPU.Build.0 = Debug|Any CPU
		{8E09E29B-4DB0-4487-8408-19DF81366C30}.Release|Any CPU.ActiveCfg = Release|Any CPU
		{8E09E29B-4DB0-4487-8408-19DF81366C30}.Release|Any CPU.Build.0 = Release|Any CPU
		{B5477D4F-998B-4235-B693-725D3D33430A}.Debug|Any CPU.ActiveCfg = Debug|Any CPU
		{B5477D4F-998B-4235-B693-725D3D33430A}.Debug|Any CPU.Build.0 = Debug|Any CPU
		{B5477D4F-998B-4235-B693-725D3D33430A}.Release|Any CPU.ActiveCfg = Release|Any CPU
		{B5477D4F-998B-4235-B693-725D3D33430A}.Release|Any CPU.Build.0 = Release|Any CPU
		{AC873E1D-69E7-4CF6-8F8F-98C58B2CEBF6}.Debug|Any CPU.ActiveCfg = Debug|Any CPU
		{AC873E1D-69E7-4CF6-8F8F-98C58B2CEBF6}.Debug|Any CPU.Build.0 = Debug|Any CPU
		{AC873E1D-69E7-4CF6-8F8F-98C58B2CEBF6}.Release|Any CPU.ActiveCfg = Release|Any CPU
		{AC873E1D-69E7-4CF6-8F8F-98C58B2CEBF6}.Release|Any CPU.Build.0 = Release|Any CPU
	EndGlobalSection
	GlobalSection(SolutionProperties) = preSolution
		HideSolutionNode = FALSE
	EndGlobalSection
	GlobalSection(NestedProjects) = preSolution
		{950E7FC8-DA53-457C-8F33-15C724449757} = {5616532B-02A6-4AAF-A1C0-AC87AD275337}
		{0AF6B8DF-1E18-4055-ACC2-E41D3D97B4D0} = {5616532B-02A6-4AAF-A1C0-AC87AD275337}
		{D5C79DAD-27A8-4E70-9122-6E7A47C4D6E2} = {5616532B-02A6-4AAF-A1C0-AC87AD275337}
		{0ED4D439-1AE8-40A3-A61D-F274BF1FB357} = {5616532B-02A6-4AAF-A1C0-AC87AD275337}
		{41A0D7ED-98E4-4399-BC8D-8953B2AAD75E} = {5616532B-02A6-4AAF-A1C0-AC87AD275337}
		{0692A273-D0E5-4225-83AF-51348B73C0F3} = {5616532B-02A6-4AAF-A1C0-AC87AD275337}
		{3206A328-DC6B-4156-B259-9518379875F4} = {5616532B-02A6-4AAF-A1C0-AC87AD275337}
		{FE43FBC8-9913-44D4-9811-8494AAF51FDD} = {5616532B-02A6-4AAF-A1C0-AC87AD275337}
		{4A67F4E5-59CE-4485-A688-FFA82CA5F3B6} = {5616532B-02A6-4AAF-A1C0-AC87AD275337}
		{84E88478-7934-4783-9F35-5C2910DFF5BB} = {5616532B-02A6-4AAF-A1C0-AC87AD275337}
		{F2E83611-15A6-4305-BA7B-4ABA0BD73FE2} = {5616532B-02A6-4AAF-A1C0-AC87AD275337}
		{29C9107A-333A-4E37-ADDB-9E176E5AAE75} = {5616532B-02A6-4AAF-A1C0-AC87AD275337}
		{D7130894-4406-46B1-AF05-DB622B59C662} = {5616532B-02A6-4AAF-A1C0-AC87AD275337}
		{98C76D7C-56C8-44DE-A894-8B4351FCC346} = {5616532B-02A6-4AAF-A1C0-AC87AD275337}
		{DAC3867A-9DF4-4F9F-BBC0-683611453D78} = {5616532B-02A6-4AAF-A1C0-AC87AD275337}
		{0A836A73-7818-4A4A-8B4A-CD47255B4A66} = {5616532B-02A6-4AAF-A1C0-AC87AD275337}
		{5DB0735A-148D-4394-A43E-1B1D21219414} = {5616532B-02A6-4AAF-A1C0-AC87AD275337}
		{D4ED68A9-E3FA-4667-BC67-D46D4E81CD76} = {5616532B-02A6-4AAF-A1C0-AC87AD275337}
		{97143B18-73B5-4C74-A983-E320CF325C5B} = {70081CBE-08B2-49C1-A5F5-66D288FAD3CA}
		{6D57C00E-D553-473D-B5E8-B6DEEB6FCA45} = {1A818091-17B1-42D6-A876-4778DDE3ED46}
		{261C1B66-1BC3-4CA6-BB86-8E0E28DFBBB2} = {1A818091-17B1-42D6-A876-4778DDE3ED46}
		{0250BD00-0DC8-40A0-A270-490EF9B954C8} = {334F96D6-5B0D-4A25-92CB-2F47B8F38727}
		{2AA2F510-234D-4627-AD59-C3362CC9DFAB} = {CF6C882A-4139-42C9-8B77-F0243A3D161A}
		{B1ED755C-4E83-470A-BA28-1813A20FECB6} = {CF6C882A-4139-42C9-8B77-F0243A3D161A}
		{296F41F0-27BD-4B84-95B7-A0DFFB4E64B7} = {3C7B67A4-3D58-455B-B157-8BD3931C4FF3}
		{C8205B85-F7F2-4918-931B-C89B95FAC5F9} = {CC0B9AEA-A1FB-4715-9AA7-5FD5F238AB3E}
		{13FF0AB9-F4A7-4ABF-8B5E-01C5F68496FF} = {CF404F15-9635-471D-8B27-14E79096B989}
		{8E09E29B-4DB0-4487-8408-19DF81366C30} = {BB6C2B57-5CCB-4C6C-8EF6-77C4887E3166}
		{B5477D4F-998B-4235-B693-725D3D33430A} = {BD1A856D-0DF4-4252-97B8-CFB53F0DE4DB}
		{AC873E1D-69E7-4CF6-8F8F-98C58B2CEBF6} = {BD1A856D-0DF4-4252-97B8-CFB53F0DE4DB}
	EndGlobalSection
	GlobalSection(ExtensibilityGlobals) = postSolution
		SolutionGuid = {9147DE26-FD32-48D0-8494-31AC4D3532E1}
	EndGlobalSection
EndGlobal
