
Microsoft Visual Studio Solution File, Format Version 12.00
# Visual Studio Version 16
VisualStudioVersion = 16.0.30517.126
MinimumVisualStudioVersion = 10.0.40219.1
Project("{2150E333-8FDC-42A3-9474-1A3956D46DE8}") = "Array", "Array", "{5616532B-02A6-4AAF-A1C0-AC87AD275337}"
EndProject
Project("{9A19103F-16F7-4668-BE54-9A1E7A4F7556}") = "ArrayCustome", "Array\ArrayCustome\ArrayCustome.csproj", "{950E7FC8-DA53-457C-8F33-15C724449757}"
EndProject
Project("{9A19103F-16F7-4668-BE54-9A1E7A4F7556}") = "ContainsDuplicate", "Array\ContainsDuplicate\ContainsDuplicate.csproj", "{0AF6B8DF-1E18-4055-ACC2-E41D3D97B4D0}"
EndProject
Project("{9A19103F-16F7-4668-BE54-9A1E7A4F7556}") = "FindDuplicateNumberInRange", "Array\FindDuplicateNumberInRange\FindDuplicateNumberInRange.csproj", "{D5C79DAD-27A8-4E70-9122-6E7A47C4D6E2}"
EndProject
Project("{9A19103F-16F7-4668-BE54-9A1E7A4F7556}") = "FindDuplicateNumberNotINRange", "Array\FindDuplicateNumberNotINRange\FindDuplicateNumberNotINRange.csproj", "{0ED4D439-1AE8-40A3-A61D-F274BF1FB357}"
EndProject
Project("{9A19103F-16F7-4668-BE54-9A1E7A4F7556}") = "FindMissingNumber", "Array\FindMissingNumber\FindMissingNumber.csproj", "{41A0D7ED-98E4-4399-BC8D-8953B2AAD75E}"
EndProject
Project("{9A19103F-16F7-4668-BE54-9A1E7A4F7556}") = "FindMissingNumbers", "Array\FindMissingNumbers\FindMissingNumbers.csproj", "{0692A273-D0E5-4225-83AF-51348B73C0F3}"
EndProject
Project("{9A19103F-16F7-4668-BE54-9A1E7A4F7556}") = "FIndNMissingNumber", "Array\FIndNMissingNumber\FIndNMissingNumber.csproj", "{3206A328-DC6B-4156-B259-9518379875F4}"
EndProject
Project("{9A19103F-16F7-4668-BE54-9A1E7A4F7556}") = "FindTwoSum", "Array\FindTwoSum\FindTwoSum.csproj", "{4A67F4E5-59CE-4485-A688-FFA82CA5F3B6}"
EndProject
Project("{9A19103F-16F7-4668-BE54-9A1E7A4F7556}") = "HashTableAndHashsetDemo", "Array\HashTableAndHashsetDemo\HashTableAndHashsetDemo.csproj", "{84E88478-7934-4783-9F35-5C2910DFF5BB}"
EndProject
Project("{9A19103F-16F7-4668-BE54-9A1E7A4F7556}") = "LargestAndSmallestInUnSortedArray", "Array\LargestAndSmallestInUnSortedArray\LargestAndSmallestInUnSortedArray.csproj", "{F2E83611-15A6-4305-BA7B-4ABA0BD73FE2}"
EndProject
Project("{9A19103F-16F7-4668-BE54-9A1E7A4F7556}") = "LongestWord", "Array\LongestWord\LongestWord.csproj", "{29C9107A-333A-4E37-ADDB-9E176E5AAE75}"
EndProject
Project("{9A19103F-16F7-4668-BE54-9A1E7A4F7556}") = "MaximumSubarray", "Array\MaximumSubarray\MaximumSubarray.csproj", "{D7130894-4406-46B1-AF05-DB622B59C662}"
EndProject
Project("{9A19103F-16F7-4668-BE54-9A1E7A4F7556}") = "MergeSortedArray", "Array\MergeSortedArray\MergeSortedArray.csproj", "{98C76D7C-56C8-44DE-A894-8B4351FCC346}"
EndProject
Project("{9A19103F-16F7-4668-BE54-9A1E7A4F7556}") = "MoveZeroToTheEnd", "Array\MoveZeroToTheEnd\MoveZeroToTheEnd.csproj", "{DAC3867A-9DF4-4F9F-BBC0-683611453D78}"
EndProject
Project("{9A19103F-16F7-4668-BE54-9A1E7A4F7556}") = "RemoveDuplicateFromSortedArray", "Array\RemoveDuplicateFromSortedArray\RemoveDuplicateFromSortedArray.csproj", "{0A836A73-7818-4A4A-8B4A-CD47255B4A66}"
EndProject
Project("{9A19103F-16F7-4668-BE54-9A1E7A4F7556}") = "ReverseArray", "Array\ReverseArray\ReverseArray.csproj", "{5DB0735A-148D-4394-A43E-1B1D21219414}"
EndProject
Project("{9A19103F-16F7-4668-BE54-9A1E7A4F7556}") = "RotateArray", "Array\RotateArray\RotateArray.csproj", "{D4ED68A9-E3FA-4667-BC67-D46D4E81CD76}"
EndProject
Project("{2150E333-8FDC-42A3-9474-1A3956D46DE8}") = "DynamicPrograming", "DynamicPrograming", "{70081CBE-08B2-49C1-A5F5-66D288FAD3CA}"
EndProject
Project("{2150E333-8FDC-42A3-9474-1A3956D46DE8}") = "Graph", "Graph", "{1A818091-17B1-42D6-A876-4778DDE3ED46}"
EndProject
Project("{9A19103F-16F7-4668-BE54-9A1E7A4F7556}") = "BFSAndDFS", "Graph\BFSAndDFS\BFSAndDFS.csproj", "{6D57C00E-D553-473D-B5E8-B6DEEB6FCA45}"
EndProject
Project("{9A19103F-16F7-4668-BE54-9A1E7A4F7556}") = "Graph", "Graph\Graph\Graph.csproj", "{261C1B66-1BC3-4CA6-BB86-8E0E28DFBBB2}"
EndProject
Project("{2150E333-8FDC-42A3-9474-1A3956D46DE8}") = "Hashtable", "Hashtable", "{334F96D6-5B0D-4A25-92CB-2F47B8F38727}"
EndProject
Project("{2150E333-8FDC-42A3-9474-1A3956D46DE8}") = "LinkedList", "LinkedList", "{CF6C882A-4139-42C9-8B77-F0243A3D161A}"
EndProject
Project("{9A19103F-16F7-4668-BE54-9A1E7A4F7556}") = "DLinkedList", "LinkedList\DLinkedList\DLinkedList.csproj", "{2AA2F510-234D-4627-AD59-C3362CC9DFAB}"
EndProject
Project("{9A19103F-16F7-4668-BE54-9A1E7A4F7556}") = "SLinkedList", "LinkedList\SLinkedList\SLinkedList.csproj", "{B1ED755C-4E83-470A-BA28-1813A20FECB6}"
EndProject
Project("{2150E333-8FDC-42A3-9474-1A3956D46DE8}") = "Queue", "Queue", "{3C7B67A4-3D58-455B-B157-8BD3931C4FF3}"
EndProject
Project("{2150E333-8FDC-42A3-9474-1A3956D46DE8}") = "Stack", "Stack", "{CC0B9AEA-A1FB-4715-9AA7-5FD5F238AB3E}"
EndProject
Project("{2150E333-8FDC-42A3-9474-1A3956D46DE8}") = "Recursion", "Recursion", "{CF404F15-9635-471D-8B27-14E79096B989}"
EndProject
Project("{2150E333-8FDC-42A3-9474-1A3956D46DE8}") = "Tree", "Tree", "{BB6C2B57-5CCB-4C6C-8EF6-77C4887E3166}"
EndProject
Project("{9A19103F-16F7-4668-BE54-9A1E7A4F7556}") = "BinarySearchTree", "Tree\BinarySearchTree\BinarySearchTree.csproj", "{8E09E29B-4DB0-4487-8408-19DF81366C30}"
EndProject
Project("{2150E333-8FDC-42A3-9474-1A3956D46DE8}") = "Algorithms", "Algorithms", "{BD1A856D-0DF4-4252-97B8-CFB53F0DE4DB}"
EndProject
Project("{9A19103F-16F7-4668-BE54-9A1E7A4F7556}") = "DynamicPrograming", "DynamicPrograming\DynamicPrograming.csproj", "{38261F2C-0C14-44F3-82E2-3434DADB5E7B}"
EndProject
Project("{9A19103F-16F7-4668-BE54-9A1E7A4F7556}") = "HashTable", "Hashtable\HashTable.csproj", "{42AF0665-4A6C-41C9-8C42-B5360971E601}"
EndProject
Project("{9A19103F-16F7-4668-BE54-9A1E7A4F7556}") = "Recursion", "Recursion\Recursion.csproj", "{67518F4F-14C0-44DC-A671-FD4B1E2D6344}"
EndProject
Project("{9A19103F-16F7-4668-BE54-9A1E7A4F7556}") = "Stack", "Stack\Stack.csproj", "{B029D05E-0C95-42AA-B8F1-78DCD5E9950F}"
EndProject
Project("{9A19103F-16F7-4668-BE54-9A1E7A4F7556}") = "Queue", "Queue\Queue.csproj", "{5D0E7E7E-F876-4EAA-AC2A-53E241329A79}"
EndProject
Project("{9A19103F-16F7-4668-BE54-9A1E7A4F7556}") = "Searching", "Searching\Searching.csproj", "{106B4FC9-D87E-45FE-9CBD-27CE7CE1A42C}"
EndProject
Project("{9A19103F-16F7-4668-BE54-9A1E7A4F7556}") = "Sortings", "Sortings\Sortings.csproj", "{27C571F4-9C27-423C-81D5-38B49BC5F9A0}"
EndProject
Project("{2150E333-8FDC-42A3-9474-1A3956D46DE8}") = "Test", "Test", "{1895D004-28BE-48D7-A80F-AA73E87F72C2}"
EndProject
Project("{9A19103F-16F7-4668-BE54-9A1E7A4F7556}") = "MaxOrders", "MaxOrders\MaxOrders.csproj", "{FFDBE84D-B9F3-4130-BB77-2C5BE3855060}"
EndProject
Project("{2150E333-8FDC-42A3-9474-1A3956D46DE8}") = "Others", "Others", "{5002D92B-22AA-40F6-A5F5-7FC85CD77B46}"
EndProject
Project("{2150E333-8FDC-42A3-9474-1A3956D46DE8}") = "LeetCode", "LeetCode", "{A0D0C673-F920-44B4-9C65-2DB720E0A8E5}"
EndProject
Project("{2150E333-8FDC-42A3-9474-1A3956D46DE8}") = "B", "B", "{C61BC7C9-5F5F-4C41-AD05-A115EB0CBACA}"
EndProject
Project("{9A19103F-16F7-4668-BE54-9A1E7A4F7556}") = "NumbersToStringComma", "Others\LeetCode\B\NumbersToStringComma\NumbersToStringComma.csproj", "{04F9D189-1ED2-476C-B5A4-2227A2A45CC8}"
EndProject
Project("{9A19103F-16F7-4668-BE54-9A1E7A4F7556}") = "BSTTwoEqual", "Others\LeetCode\B\TwoBinarySearchTreeEqual\BSTTwoEqual.csproj", "{CAEAC73A-05EE-41D6-B409-2E52359B43D3}"
EndProject
Project("{9A19103F-16F7-4668-BE54-9A1E7A4F7556}") = "DesignHowMuchIncomeTaxYearly", "Others\LeetCode\B\HowMuchIncomeTaxYearly\DesignHowMuchIncomeTaxYearly.csproj", "{536D0E89-C276-4176-A139-EC94C356B144}"
EndProject
Project("{9A19103F-16F7-4668-BE54-9A1E7A4F7556}") = "StringRemoveIdentical", "Others\LeetCode\B\StringRemoveIdentical\StringRemoveIdentical.csproj", "{9B041ED0-8258-4DED-8B45-9359900CEC8D}"
EndProject
Project("{9A19103F-16F7-4668-BE54-9A1E7A4F7556}") = "TreePrintLevelByLevel", "Others\LeetCode\B\PrintTreeLevelByLevel\TreePrintLevelByLevel.csproj", "{B0A1798F-C28A-46C7-A211-67DF7CD5871C}"
EndProject
Project("{9A19103F-16F7-4668-BE54-9A1E7A4F7556}") = "DesignSortWordsInBook", "Others\LeetCode\B\SortWordsInBook\DesignSortWordsInBook.csproj", "{21D67B8C-3BC8-4193-9BC8-2B61CCDBEDF9}"
EndProject
Project("{9A19103F-16F7-4668-BE54-9A1E7A4F7556}") = "ArrayFindCommonInTwo", "Others\LeetCode\B\FindCommonInTwoArray\ArrayFindCommonInTwo.csproj", "{0F16A4F3-B149-4766-9906-F768D19C700F}"
EndProject
Project("{9A19103F-16F7-4668-BE54-9A1E7A4F7556}") = "DesignStockBuySellMaximumProfit", "Others\LeetCode\B\StockBuySellMaximumProfit\DesignStockBuySellMaximumProfit.csproj", "{5C650F80-F72A-4D11-8C56-0A07B3FEA83F}"
EndProject
Project("{9A19103F-16F7-4668-BE54-9A1E7A4F7556}") = "GraphDFSGraphTraverse", "Others\LeetCode\B\DFSGraphTraverse\GraphDFSGraphTraverse.csproj", "{9B5995C1-9CE5-42C4-AAF3-858CF6ECBB4B}"
EndProject
Project("{9A19103F-16F7-4668-BE54-9A1E7A4F7556}") = "NumberPrintFibonacciNoInOrder", "Others\LeetCode\B\PrintFibonacciNumbersInOrder\NumberPrintFibonacciNoInOrder.csproj", "{B2B0F8E2-37F3-41B5-BBC2-7C41592E8619}"
EndProject
Project("{9A19103F-16F7-4668-BE54-9A1E7A4F7556}") = "DesignValidateIPAddress", "Others\LeetCode\B\ValidateIPAddress\DesignValidateIPAddress.csproj", "{9EDB3E70-BCB7-498E-BA89-21A26BFAB8AD}"
EndProject
Project("{9A19103F-16F7-4668-BE54-9A1E7A4F7556}") = "ArrayPairsWithSum", "Others\LeetCode\B\ArrayPairsWithSum\ArrayPairsWithSum.csproj", "{74950628-0724-450D-B59A-21E530984FD5}"
EndProject
Project("{9A19103F-16F7-4668-BE54-9A1E7A4F7556}") = "QueueWithGetMinFunction", "Others\LeetCode\B\QueueWithGetMinFunction\QueueWithGetMinFunction.csproj", "{D6DDD8EE-E69D-48FC-96B0-FCD0D4AB67DA}"
EndProject
Project("{9A19103F-16F7-4668-BE54-9A1E7A4F7556}") = "NumberFindAllPrime1toN", "Others\LeetCode\B\FindAllPrimeNumbers1toN\NumberFindAllPrime1toN.csproj", "{131DDB3A-E14F-4872-BBC1-4B45ABF1A49E}"
EndProject
Project("{9A19103F-16F7-4668-BE54-9A1E7A4F7556}") = "StringFindMatchingPattern", "Others\LeetCode\B\StringFindMatchingPattern\StringFindMatchingPattern.csproj", "{BB2AC26A-D73C-4483-A090-A482CD2E3B3F}"
EndProject
Project("{9A19103F-16F7-4668-BE54-9A1E7A4F7556}") = "ArraySortArrayOrderByAnotherArray", "Others\LeetCode\B\SortArrayOrderByAnotherArray\ArraySortArrayOrderByAnotherArray.csproj", "{E324AFA8-D236-48C1-A1BA-A29329863576}"
EndProject
Project("{9A19103F-16F7-4668-BE54-9A1E7A4F7556}") = "ArrayKthElementOfTwoSorted", "Others\LeetCode\B\KthElementOfTwoSortedArray\ArrayKthElementOfTwoSorted.csproj", "{2CF181D3-1F25-4ECC-AF89-18A0DD25C311}"
EndProject
Project("{9A19103F-16F7-4668-BE54-9A1E7A4F7556}") = "StringCheckPalindromeBestSolution", "Others\LeetCode\B\CheckPalindromeBestSolution\StringCheckPalindromeBestSolution.csproj", "{2BC53DB9-EA66-41C2-B6D8-8C11790BA7D5}"
EndProject
Project("{9A19103F-16F7-4668-BE54-9A1E7A4F7556}") = "NumberCheckPalindrome", "Others\LeetCode\B\IfANumberIsPalindrome\NumberCheckPalindrome.csproj", "{F8418069-B483-4659-954B-F8099247C5FD}"
EndProject
Project("{9A19103F-16F7-4668-BE54-9A1E7A4F7556}") = "BinaryTreeCheckForSymmetric", "Others\LeetCode\B\CheckForSymmetricBinaryTree\BinaryTreeCheckForSymmetric.csproj", "{638D5E54-8866-4BAE-9432-33AEFA870CAE}"
EndProject
Project("{9A19103F-16F7-4668-BE54-9A1E7A4F7556}") = "StringImplementSpellCheck", "Others\LeetCode\B\ImplementSpellCheck\StringImplementSpellCheck.csproj", "{F969DFC5-92BA-4DF7-8B17-5399E7776242}"
EndProject
Project("{9A19103F-16F7-4668-BE54-9A1E7A4F7556}") = "DesignFlattenAnIteratorOfIterator", "Others\LeetCode\B\FlattenAnIteratorOfIterator\DesignFlattenAnIteratorOfIterator.csproj", "{520D0C70-578F-45AA-B604-ACC417895440}"
EndProject
Project("{9A19103F-16F7-4668-BE54-9A1E7A4F7556}") = "BinaryTreeLCA", "Others\LeetCode\B\LCAInBinaryTree\BinaryTreeLCA.csproj", "{5D666960-1864-462D-98AC-97AE21FD8335}"
EndProject
Project("{9A19103F-16F7-4668-BE54-9A1E7A4F7556}") = "LinkedListLongestCommonPostfix", "Others\LeetCode\B\LinkedListLongestCommonPostfix\LinkedListLongestCommonPostfix.csproj", "{CAADBCCA-0644-4C56-A63C-E00057C8CC35}"
EndProject
Project("{9A19103F-16F7-4668-BE54-9A1E7A4F7556}") = "ArrayFindDuplicate", "Others\LeetCode\B\ArrayFindDuplicate\ArrayFindDuplicate.csproj", "{684275E3-00F4-4E7F-B225-65A405C18AB6}"
EndProject
Project("{9A19103F-16F7-4668-BE54-9A1E7A4F7556}") = "DesignParkingLot", "Others\LeetCode\B\DesignParkingLot\DesignParkingLot.csproj", "{6697FC3A-92A0-47CA-AEA9-5BB76BCF693B}"
EndProject
Project("{9A19103F-16F7-4668-BE54-9A1E7A4F7556}") = "StringPrintAllAnagrams", "Others\LeetCode\B\StringPrintAllAnagrams\StringPrintAllAnagrams.csproj", "{796BD9E4-57DE-42AD-8485-17373624A7A9}"
EndProject
Project("{9A19103F-16F7-4668-BE54-9A1E7A4F7556}") = "ArrayRatInAMaze", "Others\LeetCode\B\ArrayRatInAMaze\ArrayRatInAMaze.csproj", "{00B72EE5-C374-4367-867E-169BBFA12B8D}"
EndProject
Project("{9A19103F-16F7-4668-BE54-9A1E7A4F7556}") = "StringRemove_", "Others\LeetCode\B\StringRemove_\StringRemove_.csproj", "{CAFD87BD-BD8F-4D09-B75A-187CF2C508B6}"
EndProject
Project("{9A19103F-16F7-4668-BE54-9A1E7A4F7556}") = "ArrayAllZeroAtTheEnd", "Others\LeetCode\B\ArrayAllZeroAtTheEnd\ArrayAllZeroAtTheEnd.csproj", "{F1135F95-7A2D-4391-82EA-0CA6C6BBD640}"
EndProject
Project("{9A19103F-16F7-4668-BE54-9A1E7A4F7556}") = "DesignIndexABook", "Others\LeetCode\B\DictionaryIndexABook\DesignIndexABook.csproj", "{46C149D0-846B-4D96-8F10-32BA70B7B56E}"
EndProject
Project("{9A19103F-16F7-4668-BE54-9A1E7A4F7556}") = "StringFindMostPopulousChar", "Others\LeetCode\B\StringFindMostPopulousChar\StringFindMostPopulousChar.csproj", "{3B32DC74-DAD0-46CA-8124-8C52C58ABD7D}"
EndProject
Project("{9A19103F-16F7-4668-BE54-9A1E7A4F7556}") = "LinkedListFindIfItIsCyclic", "Others\LeetCode\B\LinkedListFindIfItIsCyclic\LinkedListFindIfItIsCyclic.csproj", "{ABBA1A83-6A3C-4357-85A5-84FD8DC274C5}"
EndProject
Project("{9A19103F-16F7-4668-BE54-9A1E7A4F7556}") = "BSTIsValid", "Others\LeetCode\B\BSTIsValid\BSTIsValid.csproj", "{B750BDF9-10F8-4579-A51C-425F3F4832B8}"
EndProject
Project("{9A19103F-16F7-4668-BE54-9A1E7A4F7556}") = "LinkedListAddTwoNumber", "Others\LeetCode\B\AddTwoNumberLinkedList\LinkedListAddTwoNumber.csproj", "{2F7D0869-A3C4-4556-9DA3-29CD2784DB47}"
EndProject
Global
	GlobalSection(SolutionConfigurationPlatforms) = preSolution
		Debug|Any CPU = Debug|Any CPU
		Release|Any CPU = Release|Any CPU
	EndGlobalSection
	GlobalSection(ProjectConfigurationPlatforms) = postSolution
		{950E7FC8-DA53-457C-8F33-15C724449757}.Debug|Any CPU.ActiveCfg = Debug|Any CPU
		{950E7FC8-DA53-457C-8F33-15C724449757}.Debug|Any CPU.Build.0 = Debug|Any CPU
		{950E7FC8-DA53-457C-8F33-15C724449757}.Release|Any CPU.ActiveCfg = Release|Any CPU
		{950E7FC8-DA53-457C-8F33-15C724449757}.Release|Any CPU.Build.0 = Release|Any CPU
		{0AF6B8DF-1E18-4055-ACC2-E41D3D97B4D0}.Debug|Any CPU.ActiveCfg = Debug|Any CPU
		{0AF6B8DF-1E18-4055-ACC2-E41D3D97B4D0}.Debug|Any CPU.Build.0 = Debug|Any CPU
		{0AF6B8DF-1E18-4055-ACC2-E41D3D97B4D0}.Release|Any CPU.ActiveCfg = Release|Any CPU
		{0AF6B8DF-1E18-4055-ACC2-E41D3D97B4D0}.Release|Any CPU.Build.0 = Release|Any CPU
		{D5C79DAD-27A8-4E70-9122-6E7A47C4D6E2}.Debug|Any CPU.ActiveCfg = Debug|Any CPU
		{D5C79DAD-27A8-4E70-9122-6E7A47C4D6E2}.Debug|Any CPU.Build.0 = Debug|Any CPU
		{D5C79DAD-27A8-4E70-9122-6E7A47C4D6E2}.Release|Any CPU.ActiveCfg = Release|Any CPU
		{D5C79DAD-27A8-4E70-9122-6E7A47C4D6E2}.Release|Any CPU.Build.0 = Release|Any CPU
		{0ED4D439-1AE8-40A3-A61D-F274BF1FB357}.Debug|Any CPU.ActiveCfg = Debug|Any CPU
		{0ED4D439-1AE8-40A3-A61D-F274BF1FB357}.Debug|Any CPU.Build.0 = Debug|Any CPU
		{0ED4D439-1AE8-40A3-A61D-F274BF1FB357}.Release|Any CPU.ActiveCfg = Release|Any CPU
		{0ED4D439-1AE8-40A3-A61D-F274BF1FB357}.Release|Any CPU.Build.0 = Release|Any CPU
		{41A0D7ED-98E4-4399-BC8D-8953B2AAD75E}.Debug|Any CPU.ActiveCfg = Debug|Any CPU
		{41A0D7ED-98E4-4399-BC8D-8953B2AAD75E}.Debug|Any CPU.Build.0 = Debug|Any CPU
		{41A0D7ED-98E4-4399-BC8D-8953B2AAD75E}.Release|Any CPU.ActiveCfg = Release|Any CPU
		{41A0D7ED-98E4-4399-BC8D-8953B2AAD75E}.Release|Any CPU.Build.0 = Release|Any CPU
		{0692A273-D0E5-4225-83AF-51348B73C0F3}.Debug|Any CPU.ActiveCfg = Debug|Any CPU
		{0692A273-D0E5-4225-83AF-51348B73C0F3}.Debug|Any CPU.Build.0 = Debug|Any CPU
		{0692A273-D0E5-4225-83AF-51348B73C0F3}.Release|Any CPU.ActiveCfg = Release|Any CPU
		{0692A273-D0E5-4225-83AF-51348B73C0F3}.Release|Any CPU.Build.0 = Release|Any CPU
		{3206A328-DC6B-4156-B259-9518379875F4}.Debug|Any CPU.ActiveCfg = Debug|Any CPU
		{3206A328-DC6B-4156-B259-9518379875F4}.Debug|Any CPU.Build.0 = Debug|Any CPU
		{3206A328-DC6B-4156-B259-9518379875F4}.Release|Any CPU.ActiveCfg = Release|Any CPU
		{3206A328-DC6B-4156-B259-9518379875F4}.Release|Any CPU.Build.0 = Release|Any CPU
		{4A67F4E5-59CE-4485-A688-FFA82CA5F3B6}.Debug|Any CPU.ActiveCfg = Debug|Any CPU
		{4A67F4E5-59CE-4485-A688-FFA82CA5F3B6}.Debug|Any CPU.Build.0 = Debug|Any CPU
		{4A67F4E5-59CE-4485-A688-FFA82CA5F3B6}.Release|Any CPU.ActiveCfg = Release|Any CPU
		{4A67F4E5-59CE-4485-A688-FFA82CA5F3B6}.Release|Any CPU.Build.0 = Release|Any CPU
		{84E88478-7934-4783-9F35-5C2910DFF5BB}.Debug|Any CPU.ActiveCfg = Debug|Any CPU
		{84E88478-7934-4783-9F35-5C2910DFF5BB}.Debug|Any CPU.Build.0 = Debug|Any CPU
		{84E88478-7934-4783-9F35-5C2910DFF5BB}.Release|Any CPU.ActiveCfg = Release|Any CPU
		{84E88478-7934-4783-9F35-5C2910DFF5BB}.Release|Any CPU.Build.0 = Release|Any CPU
		{F2E83611-15A6-4305-BA7B-4ABA0BD73FE2}.Debug|Any CPU.ActiveCfg = Debug|Any CPU
		{F2E83611-15A6-4305-BA7B-4ABA0BD73FE2}.Debug|Any CPU.Build.0 = Debug|Any CPU
		{F2E83611-15A6-4305-BA7B-4ABA0BD73FE2}.Release|Any CPU.ActiveCfg = Release|Any CPU
		{F2E83611-15A6-4305-BA7B-4ABA0BD73FE2}.Release|Any CPU.Build.0 = Release|Any CPU
		{29C9107A-333A-4E37-ADDB-9E176E5AAE75}.Debug|Any CPU.ActiveCfg = Debug|Any CPU
		{29C9107A-333A-4E37-ADDB-9E176E5AAE75}.Debug|Any CPU.Build.0 = Debug|Any CPU
		{29C9107A-333A-4E37-ADDB-9E176E5AAE75}.Release|Any CPU.ActiveCfg = Release|Any CPU
		{29C9107A-333A-4E37-ADDB-9E176E5AAE75}.Release|Any CPU.Build.0 = Release|Any CPU
		{D7130894-4406-46B1-AF05-DB622B59C662}.Debug|Any CPU.ActiveCfg = Debug|Any CPU
		{D7130894-4406-46B1-AF05-DB622B59C662}.Debug|Any CPU.Build.0 = Debug|Any CPU
		{D7130894-4406-46B1-AF05-DB622B59C662}.Release|Any CPU.ActiveCfg = Release|Any CPU
		{D7130894-4406-46B1-AF05-DB622B59C662}.Release|Any CPU.Build.0 = Release|Any CPU
		{98C76D7C-56C8-44DE-A894-8B4351FCC346}.Debug|Any CPU.ActiveCfg = Debug|Any CPU
		{98C76D7C-56C8-44DE-A894-8B4351FCC346}.Debug|Any CPU.Build.0 = Debug|Any CPU
		{98C76D7C-56C8-44DE-A894-8B4351FCC346}.Release|Any CPU.ActiveCfg = Release|Any CPU
		{98C76D7C-56C8-44DE-A894-8B4351FCC346}.Release|Any CPU.Build.0 = Release|Any CPU
		{DAC3867A-9DF4-4F9F-BBC0-683611453D78}.Debug|Any CPU.ActiveCfg = Debug|Any CPU
		{DAC3867A-9DF4-4F9F-BBC0-683611453D78}.Debug|Any CPU.Build.0 = Debug|Any CPU
		{DAC3867A-9DF4-4F9F-BBC0-683611453D78}.Release|Any CPU.ActiveCfg = Release|Any CPU
		{DAC3867A-9DF4-4F9F-BBC0-683611453D78}.Release|Any CPU.Build.0 = Release|Any CPU
		{0A836A73-7818-4A4A-8B4A-CD47255B4A66}.Debug|Any CPU.ActiveCfg = Debug|Any CPU
		{0A836A73-7818-4A4A-8B4A-CD47255B4A66}.Debug|Any CPU.Build.0 = Debug|Any CPU
		{0A836A73-7818-4A4A-8B4A-CD47255B4A66}.Release|Any CPU.ActiveCfg = Release|Any CPU
		{0A836A73-7818-4A4A-8B4A-CD47255B4A66}.Release|Any CPU.Build.0 = Release|Any CPU
		{5DB0735A-148D-4394-A43E-1B1D21219414}.Debug|Any CPU.ActiveCfg = Debug|Any CPU
		{5DB0735A-148D-4394-A43E-1B1D21219414}.Debug|Any CPU.Build.0 = Debug|Any CPU
		{5DB0735A-148D-4394-A43E-1B1D21219414}.Release|Any CPU.ActiveCfg = Release|Any CPU
		{5DB0735A-148D-4394-A43E-1B1D21219414}.Release|Any CPU.Build.0 = Release|Any CPU
		{D4ED68A9-E3FA-4667-BC67-D46D4E81CD76}.Debug|Any CPU.ActiveCfg = Debug|Any CPU
		{D4ED68A9-E3FA-4667-BC67-D46D4E81CD76}.Debug|Any CPU.Build.0 = Debug|Any CPU
		{D4ED68A9-E3FA-4667-BC67-D46D4E81CD76}.Release|Any CPU.ActiveCfg = Release|Any CPU
		{D4ED68A9-E3FA-4667-BC67-D46D4E81CD76}.Release|Any CPU.Build.0 = Release|Any CPU
		{6D57C00E-D553-473D-B5E8-B6DEEB6FCA45}.Debug|Any CPU.ActiveCfg = Debug|Any CPU
		{6D57C00E-D553-473D-B5E8-B6DEEB6FCA45}.Debug|Any CPU.Build.0 = Debug|Any CPU
		{6D57C00E-D553-473D-B5E8-B6DEEB6FCA45}.Release|Any CPU.ActiveCfg = Release|Any CPU
		{6D57C00E-D553-473D-B5E8-B6DEEB6FCA45}.Release|Any CPU.Build.0 = Release|Any CPU
		{261C1B66-1BC3-4CA6-BB86-8E0E28DFBBB2}.Debug|Any CPU.ActiveCfg = Debug|Any CPU
		{261C1B66-1BC3-4CA6-BB86-8E0E28DFBBB2}.Debug|Any CPU.Build.0 = Debug|Any CPU
		{261C1B66-1BC3-4CA6-BB86-8E0E28DFBBB2}.Release|Any CPU.ActiveCfg = Release|Any CPU
		{261C1B66-1BC3-4CA6-BB86-8E0E28DFBBB2}.Release|Any CPU.Build.0 = Release|Any CPU
		{2AA2F510-234D-4627-AD59-C3362CC9DFAB}.Debug|Any CPU.ActiveCfg = Debug|Any CPU
		{2AA2F510-234D-4627-AD59-C3362CC9DFAB}.Debug|Any CPU.Build.0 = Debug|Any CPU
		{2AA2F510-234D-4627-AD59-C3362CC9DFAB}.Release|Any CPU.ActiveCfg = Release|Any CPU
		{2AA2F510-234D-4627-AD59-C3362CC9DFAB}.Release|Any CPU.Build.0 = Release|Any CPU
		{B1ED755C-4E83-470A-BA28-1813A20FECB6}.Debug|Any CPU.ActiveCfg = Debug|Any CPU
		{B1ED755C-4E83-470A-BA28-1813A20FECB6}.Debug|Any CPU.Build.0 = Debug|Any CPU
		{B1ED755C-4E83-470A-BA28-1813A20FECB6}.Release|Any CPU.ActiveCfg = Release|Any CPU
		{B1ED755C-4E83-470A-BA28-1813A20FECB6}.Release|Any CPU.Build.0 = Release|Any CPU
		{8E09E29B-4DB0-4487-8408-19DF81366C30}.Debug|Any CPU.ActiveCfg = Debug|Any CPU
		{8E09E29B-4DB0-4487-8408-19DF81366C30}.Debug|Any CPU.Build.0 = Debug|Any CPU
		{8E09E29B-4DB0-4487-8408-19DF81366C30}.Release|Any CPU.ActiveCfg = Release|Any CPU
		{8E09E29B-4DB0-4487-8408-19DF81366C30}.Release|Any CPU.Build.0 = Release|Any CPU
		{38261F2C-0C14-44F3-82E2-3434DADB5E7B}.Debug|Any CPU.ActiveCfg = Debug|Any CPU
		{38261F2C-0C14-44F3-82E2-3434DADB5E7B}.Debug|Any CPU.Build.0 = Debug|Any CPU
		{38261F2C-0C14-44F3-82E2-3434DADB5E7B}.Release|Any CPU.ActiveCfg = Release|Any CPU
		{38261F2C-0C14-44F3-82E2-3434DADB5E7B}.Release|Any CPU.Build.0 = Release|Any CPU
		{42AF0665-4A6C-41C9-8C42-B5360971E601}.Debug|Any CPU.ActiveCfg = Debug|Any CPU
		{42AF0665-4A6C-41C9-8C42-B5360971E601}.Debug|Any CPU.Build.0 = Debug|Any CPU
		{42AF0665-4A6C-41C9-8C42-B5360971E601}.Release|Any CPU.ActiveCfg = Release|Any CPU
		{42AF0665-4A6C-41C9-8C42-B5360971E601}.Release|Any CPU.Build.0 = Release|Any CPU
		{67518F4F-14C0-44DC-A671-FD4B1E2D6344}.Debug|Any CPU.ActiveCfg = Debug|Any CPU
		{67518F4F-14C0-44DC-A671-FD4B1E2D6344}.Debug|Any CPU.Build.0 = Debug|Any CPU
		{67518F4F-14C0-44DC-A671-FD4B1E2D6344}.Release|Any CPU.ActiveCfg = Release|Any CPU
		{67518F4F-14C0-44DC-A671-FD4B1E2D6344}.Release|Any CPU.Build.0 = Release|Any CPU
		{B029D05E-0C95-42AA-B8F1-78DCD5E9950F}.Debug|Any CPU.ActiveCfg = Debug|Any CPU
		{B029D05E-0C95-42AA-B8F1-78DCD5E9950F}.Debug|Any CPU.Build.0 = Debug|Any CPU
		{B029D05E-0C95-42AA-B8F1-78DCD5E9950F}.Release|Any CPU.ActiveCfg = Release|Any CPU
		{B029D05E-0C95-42AA-B8F1-78DCD5E9950F}.Release|Any CPU.Build.0 = Release|Any CPU
		{5D0E7E7E-F876-4EAA-AC2A-53E241329A79}.Debug|Any CPU.ActiveCfg = Debug|Any CPU
		{5D0E7E7E-F876-4EAA-AC2A-53E241329A79}.Debug|Any CPU.Build.0 = Debug|Any CPU
		{5D0E7E7E-F876-4EAA-AC2A-53E241329A79}.Release|Any CPU.ActiveCfg = Release|Any CPU
		{5D0E7E7E-F876-4EAA-AC2A-53E241329A79}.Release|Any CPU.Build.0 = Release|Any CPU
		{106B4FC9-D87E-45FE-9CBD-27CE7CE1A42C}.Debug|Any CPU.ActiveCfg = Debug|Any CPU
		{106B4FC9-D87E-45FE-9CBD-27CE7CE1A42C}.Debug|Any CPU.Build.0 = Debug|Any CPU
		{106B4FC9-D87E-45FE-9CBD-27CE7CE1A42C}.Release|Any CPU.ActiveCfg = Release|Any CPU
		{106B4FC9-D87E-45FE-9CBD-27CE7CE1A42C}.Release|Any CPU.Build.0 = Release|Any CPU
		{27C571F4-9C27-423C-81D5-38B49BC5F9A0}.Debug|Any CPU.ActiveCfg = Debug|Any CPU
		{27C571F4-9C27-423C-81D5-38B49BC5F9A0}.Debug|Any CPU.Build.0 = Debug|Any CPU
		{27C571F4-9C27-423C-81D5-38B49BC5F9A0}.Release|Any CPU.ActiveCfg = Release|Any CPU
		{27C571F4-9C27-423C-81D5-38B49BC5F9A0}.Release|Any CPU.Build.0 = Release|Any CPU
		{FFDBE84D-B9F3-4130-BB77-2C5BE3855060}.Debug|Any CPU.ActiveCfg = Debug|Any CPU
		{FFDBE84D-B9F3-4130-BB77-2C5BE3855060}.Debug|Any CPU.Build.0 = Debug|Any CPU
		{FFDBE84D-B9F3-4130-BB77-2C5BE3855060}.Release|Any CPU.ActiveCfg = Release|Any CPU
		{FFDBE84D-B9F3-4130-BB77-2C5BE3855060}.Release|Any CPU.Build.0 = Release|Any CPU
		{04F9D189-1ED2-476C-B5A4-2227A2A45CC8}.Debug|Any CPU.ActiveCfg = Debug|Any CPU
		{04F9D189-1ED2-476C-B5A4-2227A2A45CC8}.Debug|Any CPU.Build.0 = Debug|Any CPU
		{04F9D189-1ED2-476C-B5A4-2227A2A45CC8}.Release|Any CPU.ActiveCfg = Release|Any CPU
		{04F9D189-1ED2-476C-B5A4-2227A2A45CC8}.Release|Any CPU.Build.0 = Release|Any CPU
		{CAEAC73A-05EE-41D6-B409-2E52359B43D3}.Debug|Any CPU.ActiveCfg = Debug|Any CPU
		{CAEAC73A-05EE-41D6-B409-2E52359B43D3}.Debug|Any CPU.Build.0 = Debug|Any CPU
		{CAEAC73A-05EE-41D6-B409-2E52359B43D3}.Release|Any CPU.ActiveCfg = Release|Any CPU
		{CAEAC73A-05EE-41D6-B409-2E52359B43D3}.Release|Any CPU.Build.0 = Release|Any CPU
		{536D0E89-C276-4176-A139-EC94C356B144}.Debug|Any CPU.ActiveCfg = Debug|Any CPU
		{536D0E89-C276-4176-A139-EC94C356B144}.Debug|Any CPU.Build.0 = Debug|Any CPU
		{536D0E89-C276-4176-A139-EC94C356B144}.Release|Any CPU.ActiveCfg = Release|Any CPU
		{536D0E89-C276-4176-A139-EC94C356B144}.Release|Any CPU.Build.0 = Release|Any CPU
		{9B041ED0-8258-4DED-8B45-9359900CEC8D}.Debug|Any CPU.ActiveCfg = Debug|Any CPU
		{9B041ED0-8258-4DED-8B45-9359900CEC8D}.Debug|Any CPU.Build.0 = Debug|Any CPU
		{9B041ED0-8258-4DED-8B45-9359900CEC8D}.Release|Any CPU.ActiveCfg = Release|Any CPU
		{9B041ED0-8258-4DED-8B45-9359900CEC8D}.Release|Any CPU.Build.0 = Release|Any CPU
		{B0A1798F-C28A-46C7-A211-67DF7CD5871C}.Debug|Any CPU.ActiveCfg = Debug|Any CPU
		{B0A1798F-C28A-46C7-A211-67DF7CD5871C}.Debug|Any CPU.Build.0 = Debug|Any CPU
		{B0A1798F-C28A-46C7-A211-67DF7CD5871C}.Release|Any CPU.ActiveCfg = Release|Any CPU
		{B0A1798F-C28A-46C7-A211-67DF7CD5871C}.Release|Any CPU.Build.0 = Release|Any CPU
		{21D67B8C-3BC8-4193-9BC8-2B61CCDBEDF9}.Debug|Any CPU.ActiveCfg = Debug|Any CPU
		{21D67B8C-3BC8-4193-9BC8-2B61CCDBEDF9}.Debug|Any CPU.Build.0 = Debug|Any CPU
		{21D67B8C-3BC8-4193-9BC8-2B61CCDBEDF9}.Release|Any CPU.ActiveCfg = Release|Any CPU
		{21D67B8C-3BC8-4193-9BC8-2B61CCDBEDF9}.Release|Any CPU.Build.0 = Release|Any CPU
		{0F16A4F3-B149-4766-9906-F768D19C700F}.Debug|Any CPU.ActiveCfg = Debug|Any CPU
		{0F16A4F3-B149-4766-9906-F768D19C700F}.Debug|Any CPU.Build.0 = Debug|Any CPU
		{0F16A4F3-B149-4766-9906-F768D19C700F}.Release|Any CPU.ActiveCfg = Release|Any CPU
		{0F16A4F3-B149-4766-9906-F768D19C700F}.Release|Any CPU.Build.0 = Release|Any CPU
		{5C650F80-F72A-4D11-8C56-0A07B3FEA83F}.Debug|Any CPU.ActiveCfg = Debug|Any CPU
		{5C650F80-F72A-4D11-8C56-0A07B3FEA83F}.Debug|Any CPU.Build.0 = Debug|Any CPU
		{5C650F80-F72A-4D11-8C56-0A07B3FEA83F}.Release|Any CPU.ActiveCfg = Release|Any CPU
		{5C650F80-F72A-4D11-8C56-0A07B3FEA83F}.Release|Any CPU.Build.0 = Release|Any CPU
		{9B5995C1-9CE5-42C4-AAF3-858CF6ECBB4B}.Debug|Any CPU.ActiveCfg = Debug|Any CPU
		{9B5995C1-9CE5-42C4-AAF3-858CF6ECBB4B}.Debug|Any CPU.Build.0 = Debug|Any CPU
		{9B5995C1-9CE5-42C4-AAF3-858CF6ECBB4B}.Release|Any CPU.ActiveCfg = Release|Any CPU
		{9B5995C1-9CE5-42C4-AAF3-858CF6ECBB4B}.Release|Any CPU.Build.0 = Release|Any CPU
		{B2B0F8E2-37F3-41B5-BBC2-7C41592E8619}.Debug|Any CPU.ActiveCfg = Debug|Any CPU
		{B2B0F8E2-37F3-41B5-BBC2-7C41592E8619}.Debug|Any CPU.Build.0 = Debug|Any CPU
		{B2B0F8E2-37F3-41B5-BBC2-7C41592E8619}.Release|Any CPU.ActiveCfg = Release|Any CPU
		{B2B0F8E2-37F3-41B5-BBC2-7C41592E8619}.Release|Any CPU.Build.0 = Release|Any CPU
		{9EDB3E70-BCB7-498E-BA89-21A26BFAB8AD}.Debug|Any CPU.ActiveCfg = Debug|Any CPU
		{9EDB3E70-BCB7-498E-BA89-21A26BFAB8AD}.Debug|Any CPU.Build.0 = Debug|Any CPU
		{9EDB3E70-BCB7-498E-BA89-21A26BFAB8AD}.Release|Any CPU.ActiveCfg = Release|Any CPU
		{9EDB3E70-BCB7-498E-BA89-21A26BFAB8AD}.Release|Any CPU.Build.0 = Release|Any CPU
		{74950628-0724-450D-B59A-21E530984FD5}.Debug|Any CPU.ActiveCfg = Debug|Any CPU
		{74950628-0724-450D-B59A-21E530984FD5}.Debug|Any CPU.Build.0 = Debug|Any CPU
		{74950628-0724-450D-B59A-21E530984FD5}.Release|Any CPU.ActiveCfg = Release|Any CPU
		{74950628-0724-450D-B59A-21E530984FD5}.Release|Any CPU.Build.0 = Release|Any CPU
		{D6DDD8EE-E69D-48FC-96B0-FCD0D4AB67DA}.Debug|Any CPU.ActiveCfg = Debug|Any CPU
		{D6DDD8EE-E69D-48FC-96B0-FCD0D4AB67DA}.Debug|Any CPU.Build.0 = Debug|Any CPU
		{D6DDD8EE-E69D-48FC-96B0-FCD0D4AB67DA}.Release|Any CPU.ActiveCfg = Release|Any CPU
		{D6DDD8EE-E69D-48FC-96B0-FCD0D4AB67DA}.Release|Any CPU.Build.0 = Release|Any CPU
		{131DDB3A-E14F-4872-BBC1-4B45ABF1A49E}.Debug|Any CPU.ActiveCfg = Debug|Any CPU
		{131DDB3A-E14F-4872-BBC1-4B45ABF1A49E}.Debug|Any CPU.Build.0 = Debug|Any CPU
		{131DDB3A-E14F-4872-BBC1-4B45ABF1A49E}.Release|Any CPU.ActiveCfg = Release|Any CPU
		{131DDB3A-E14F-4872-BBC1-4B45ABF1A49E}.Release|Any CPU.Build.0 = Release|Any CPU
		{BB2AC26A-D73C-4483-A090-A482CD2E3B3F}.Debug|Any CPU.ActiveCfg = Debug|Any CPU
		{BB2AC26A-D73C-4483-A090-A482CD2E3B3F}.Debug|Any CPU.Build.0 = Debug|Any CPU
		{BB2AC26A-D73C-4483-A090-A482CD2E3B3F}.Release|Any CPU.ActiveCfg = Release|Any CPU
		{BB2AC26A-D73C-4483-A090-A482CD2E3B3F}.Release|Any CPU.Build.0 = Release|Any CPU
		{E324AFA8-D236-48C1-A1BA-A29329863576}.Debug|Any CPU.ActiveCfg = Debug|Any CPU
		{E324AFA8-D236-48C1-A1BA-A29329863576}.Debug|Any CPU.Build.0 = Debug|Any CPU
		{E324AFA8-D236-48C1-A1BA-A29329863576}.Release|Any CPU.ActiveCfg = Release|Any CPU
		{E324AFA8-D236-48C1-A1BA-A29329863576}.Release|Any CPU.Build.0 = Release|Any CPU
		{2CF181D3-1F25-4ECC-AF89-18A0DD25C311}.Debug|Any CPU.ActiveCfg = Debug|Any CPU
		{2CF181D3-1F25-4ECC-AF89-18A0DD25C311}.Debug|Any CPU.Build.0 = Debug|Any CPU
		{2CF181D3-1F25-4ECC-AF89-18A0DD25C311}.Release|Any CPU.ActiveCfg = Release|Any CPU
		{2CF181D3-1F25-4ECC-AF89-18A0DD25C311}.Release|Any CPU.Build.0 = Release|Any CPU
		{2BC53DB9-EA66-41C2-B6D8-8C11790BA7D5}.Debug|Any CPU.ActiveCfg = Debug|Any CPU
		{2BC53DB9-EA66-41C2-B6D8-8C11790BA7D5}.Debug|Any CPU.Build.0 = Debug|Any CPU
		{2BC53DB9-EA66-41C2-B6D8-8C11790BA7D5}.Release|Any CPU.ActiveCfg = Release|Any CPU
		{2BC53DB9-EA66-41C2-B6D8-8C11790BA7D5}.Release|Any CPU.Build.0 = Release|Any CPU
		{F8418069-B483-4659-954B-F8099247C5FD}.Debug|Any CPU.ActiveCfg = Debug|Any CPU
		{F8418069-B483-4659-954B-F8099247C5FD}.Debug|Any CPU.Build.0 = Debug|Any CPU
		{F8418069-B483-4659-954B-F8099247C5FD}.Release|Any CPU.ActiveCfg = Release|Any CPU
		{F8418069-B483-4659-954B-F8099247C5FD}.Release|Any CPU.Build.0 = Release|Any CPU
		{638D5E54-8866-4BAE-9432-33AEFA870CAE}.Debug|Any CPU.ActiveCfg = Debug|Any CPU
		{638D5E54-8866-4BAE-9432-33AEFA870CAE}.Debug|Any CPU.Build.0 = Debug|Any CPU
		{638D5E54-8866-4BAE-9432-33AEFA870CAE}.Release|Any CPU.ActiveCfg = Release|Any CPU
		{638D5E54-8866-4BAE-9432-33AEFA870CAE}.Release|Any CPU.Build.0 = Release|Any CPU
		{F969DFC5-92BA-4DF7-8B17-5399E7776242}.Debug|Any CPU.ActiveCfg = Debug|Any CPU
		{F969DFC5-92BA-4DF7-8B17-5399E7776242}.Debug|Any CPU.Build.0 = Debug|Any CPU
		{F969DFC5-92BA-4DF7-8B17-5399E7776242}.Release|Any CPU.ActiveCfg = Release|Any CPU
		{F969DFC5-92BA-4DF7-8B17-5399E7776242}.Release|Any CPU.Build.0 = Release|Any CPU
		{520D0C70-578F-45AA-B604-ACC417895440}.Debug|Any CPU.ActiveCfg = Debug|Any CPU
		{520D0C70-578F-45AA-B604-ACC417895440}.Debug|Any CPU.Build.0 = Debug|Any CPU
		{520D0C70-578F-45AA-B604-ACC417895440}.Release|Any CPU.ActiveCfg = Release|Any CPU
		{520D0C70-578F-45AA-B604-ACC417895440}.Release|Any CPU.Build.0 = Release|Any CPU
		{5D666960-1864-462D-98AC-97AE21FD8335}.Debug|Any CPU.ActiveCfg = Debug|Any CPU
		{5D666960-1864-462D-98AC-97AE21FD8335}.Debug|Any CPU.Build.0 = Debug|Any CPU
		{5D666960-1864-462D-98AC-97AE21FD8335}.Release|Any CPU.ActiveCfg = Release|Any CPU
		{5D666960-1864-462D-98AC-97AE21FD8335}.Release|Any CPU.Build.0 = Release|Any CPU
		{CAADBCCA-0644-4C56-A63C-E00057C8CC35}.Debug|Any CPU.ActiveCfg = Debug|Any CPU
		{CAADBCCA-0644-4C56-A63C-E00057C8CC35}.Debug|Any CPU.Build.0 = Debug|Any CPU
		{CAADBCCA-0644-4C56-A63C-E00057C8CC35}.Release|Any CPU.ActiveCfg = Release|Any CPU
		{CAADBCCA-0644-4C56-A63C-E00057C8CC35}.Release|Any CPU.Build.0 = Release|Any CPU
		{684275E3-00F4-4E7F-B225-65A405C18AB6}.Debug|Any CPU.ActiveCfg = Debug|Any CPU
		{684275E3-00F4-4E7F-B225-65A405C18AB6}.Debug|Any CPU.Build.0 = Debug|Any CPU
		{684275E3-00F4-4E7F-B225-65A405C18AB6}.Release|Any CPU.ActiveCfg = Release|Any CPU
		{684275E3-00F4-4E7F-B225-65A405C18AB6}.Release|Any CPU.Build.0 = Release|Any CPU
		{6697FC3A-92A0-47CA-AEA9-5BB76BCF693B}.Debug|Any CPU.ActiveCfg = Debug|Any CPU
		{6697FC3A-92A0-47CA-AEA9-5BB76BCF693B}.Debug|Any CPU.Build.0 = Debug|Any CPU
		{6697FC3A-92A0-47CA-AEA9-5BB76BCF693B}.Release|Any CPU.ActiveCfg = Release|Any CPU
		{6697FC3A-92A0-47CA-AEA9-5BB76BCF693B}.Release|Any CPU.Build.0 = Release|Any CPU
		{796BD9E4-57DE-42AD-8485-17373624A7A9}.Debug|Any CPU.ActiveCfg = Debug|Any CPU
		{796BD9E4-57DE-42AD-8485-17373624A7A9}.Debug|Any CPU.Build.0 = Debug|Any CPU
		{796BD9E4-57DE-42AD-8485-17373624A7A9}.Release|Any CPU.ActiveCfg = Release|Any CPU
		{796BD9E4-57DE-42AD-8485-17373624A7A9}.Release|Any CPU.Build.0 = Release|Any CPU
		{00B72EE5-C374-4367-867E-169BBFA12B8D}.Debug|Any CPU.ActiveCfg = Debug|Any CPU
		{00B72EE5-C374-4367-867E-169BBFA12B8D}.Debug|Any CPU.Build.0 = Debug|Any CPU
		{00B72EE5-C374-4367-867E-169BBFA12B8D}.Release|Any CPU.ActiveCfg = Release|Any CPU
		{00B72EE5-C374-4367-867E-169BBFA12B8D}.Release|Any CPU.Build.0 = Release|Any CPU
		{CAFD87BD-BD8F-4D09-B75A-187CF2C508B6}.Debug|Any CPU.ActiveCfg = Debug|Any CPU
		{CAFD87BD-BD8F-4D09-B75A-187CF2C508B6}.Debug|Any CPU.Build.0 = Debug|Any CPU
		{CAFD87BD-BD8F-4D09-B75A-187CF2C508B6}.Release|Any CPU.ActiveCfg = Release|Any CPU
		{CAFD87BD-BD8F-4D09-B75A-187CF2C508B6}.Release|Any CPU.Build.0 = Release|Any CPU
		{F1135F95-7A2D-4391-82EA-0CA6C6BBD640}.Debug|Any CPU.ActiveCfg = Debug|Any CPU
		{F1135F95-7A2D-4391-82EA-0CA6C6BBD640}.Debug|Any CPU.Build.0 = Debug|Any CPU
		{F1135F95-7A2D-4391-82EA-0CA6C6BBD640}.Release|Any CPU.ActiveCfg = Release|Any CPU
		{F1135F95-7A2D-4391-82EA-0CA6C6BBD640}.Release|Any CPU.Build.0 = Release|Any CPU
		{46C149D0-846B-4D96-8F10-32BA70B7B56E}.Debug|Any CPU.ActiveCfg = Debug|Any CPU
		{46C149D0-846B-4D96-8F10-32BA70B7B56E}.Debug|Any CPU.Build.0 = Debug|Any CPU
		{46C149D0-846B-4D96-8F10-32BA70B7B56E}.Release|Any CPU.ActiveCfg = Release|Any CPU
		{46C149D0-846B-4D96-8F10-32BA70B7B56E}.Release|Any CPU.Build.0 = Release|Any CPU
		{3B32DC74-DAD0-46CA-8124-8C52C58ABD7D}.Debug|Any CPU.ActiveCfg = Debug|Any CPU
		{3B32DC74-DAD0-46CA-8124-8C52C58ABD7D}.Debug|Any CPU.Build.0 = Debug|Any CPU
		{3B32DC74-DAD0-46CA-8124-8C52C58ABD7D}.Release|Any CPU.ActiveCfg = Release|Any CPU
		{3B32DC74-DAD0-46CA-8124-8C52C58ABD7D}.Release|Any CPU.Build.0 = Release|Any CPU
		{ABBA1A83-6A3C-4357-85A5-84FD8DC274C5}.Debug|Any CPU.ActiveCfg = Debug|Any CPU
		{ABBA1A83-6A3C-4357-85A5-84FD8DC274C5}.Debug|Any CPU.Build.0 = Debug|Any CPU
		{ABBA1A83-6A3C-4357-85A5-84FD8DC274C5}.Release|Any CPU.ActiveCfg = Release|Any CPU
		{ABBA1A83-6A3C-4357-85A5-84FD8DC274C5}.Release|Any CPU.Build.0 = Release|Any CPU
		{B750BDF9-10F8-4579-A51C-425F3F4832B8}.Debug|Any CPU.ActiveCfg = Debug|Any CPU
		{B750BDF9-10F8-4579-A51C-425F3F4832B8}.Debug|Any CPU.Build.0 = Debug|Any CPU
		{B750BDF9-10F8-4579-A51C-425F3F4832B8}.Release|Any CPU.ActiveCfg = Release|Any CPU
		{B750BDF9-10F8-4579-A51C-425F3F4832B8}.Release|Any CPU.Build.0 = Release|Any CPU
		{2F7D0869-A3C4-4556-9DA3-29CD2784DB47}.Debug|Any CPU.ActiveCfg = Debug|Any CPU
		{2F7D0869-A3C4-4556-9DA3-29CD2784DB47}.Debug|Any CPU.Build.0 = Debug|Any CPU
		{2F7D0869-A3C4-4556-9DA3-29CD2784DB47}.Release|Any CPU.ActiveCfg = Release|Any CPU
		{2F7D0869-A3C4-4556-9DA3-29CD2784DB47}.Release|Any CPU.Build.0 = Release|Any CPU
	EndGlobalSection
	GlobalSection(SolutionProperties) = preSolution
		HideSolutionNode = FALSE
	EndGlobalSection
	GlobalSection(NestedProjects) = preSolution
		{950E7FC8-DA53-457C-8F33-15C724449757} = {5616532B-02A6-4AAF-A1C0-AC87AD275337}
		{0AF6B8DF-1E18-4055-ACC2-E41D3D97B4D0} = {5616532B-02A6-4AAF-A1C0-AC87AD275337}
		{D5C79DAD-27A8-4E70-9122-6E7A47C4D6E2} = {5616532B-02A6-4AAF-A1C0-AC87AD275337}
		{0ED4D439-1AE8-40A3-A61D-F274BF1FB357} = {5616532B-02A6-4AAF-A1C0-AC87AD275337}
		{41A0D7ED-98E4-4399-BC8D-8953B2AAD75E} = {5616532B-02A6-4AAF-A1C0-AC87AD275337}
		{0692A273-D0E5-4225-83AF-51348B73C0F3} = {5616532B-02A6-4AAF-A1C0-AC87AD275337}
		{3206A328-DC6B-4156-B259-9518379875F4} = {5616532B-02A6-4AAF-A1C0-AC87AD275337}
		{4A67F4E5-59CE-4485-A688-FFA82CA5F3B6} = {5616532B-02A6-4AAF-A1C0-AC87AD275337}
		{84E88478-7934-4783-9F35-5C2910DFF5BB} = {5616532B-02A6-4AAF-A1C0-AC87AD275337}
		{F2E83611-15A6-4305-BA7B-4ABA0BD73FE2} = {5616532B-02A6-4AAF-A1C0-AC87AD275337}
		{29C9107A-333A-4E37-ADDB-9E176E5AAE75} = {5616532B-02A6-4AAF-A1C0-AC87AD275337}
		{D7130894-4406-46B1-AF05-DB622B59C662} = {5616532B-02A6-4AAF-A1C0-AC87AD275337}
		{98C76D7C-56C8-44DE-A894-8B4351FCC346} = {5616532B-02A6-4AAF-A1C0-AC87AD275337}
		{DAC3867A-9DF4-4F9F-BBC0-683611453D78} = {5616532B-02A6-4AAF-A1C0-AC87AD275337}
		{0A836A73-7818-4A4A-8B4A-CD47255B4A66} = {5616532B-02A6-4AAF-A1C0-AC87AD275337}
		{5DB0735A-148D-4394-A43E-1B1D21219414} = {5616532B-02A6-4AAF-A1C0-AC87AD275337}
		{D4ED68A9-E3FA-4667-BC67-D46D4E81CD76} = {5616532B-02A6-4AAF-A1C0-AC87AD275337}
		{6D57C00E-D553-473D-B5E8-B6DEEB6FCA45} = {1A818091-17B1-42D6-A876-4778DDE3ED46}
		{261C1B66-1BC3-4CA6-BB86-8E0E28DFBBB2} = {1A818091-17B1-42D6-A876-4778DDE3ED46}
		{2AA2F510-234D-4627-AD59-C3362CC9DFAB} = {CF6C882A-4139-42C9-8B77-F0243A3D161A}
		{B1ED755C-4E83-470A-BA28-1813A20FECB6} = {CF6C882A-4139-42C9-8B77-F0243A3D161A}
		{8E09E29B-4DB0-4487-8408-19DF81366C30} = {BB6C2B57-5CCB-4C6C-8EF6-77C4887E3166}
		{38261F2C-0C14-44F3-82E2-3434DADB5E7B} = {70081CBE-08B2-49C1-A5F5-66D288FAD3CA}
		{42AF0665-4A6C-41C9-8C42-B5360971E601} = {334F96D6-5B0D-4A25-92CB-2F47B8F38727}
		{67518F4F-14C0-44DC-A671-FD4B1E2D6344} = {CF404F15-9635-471D-8B27-14E79096B989}
		{B029D05E-0C95-42AA-B8F1-78DCD5E9950F} = {CC0B9AEA-A1FB-4715-9AA7-5FD5F238AB3E}
		{5D0E7E7E-F876-4EAA-AC2A-53E241329A79} = {3C7B67A4-3D58-455B-B157-8BD3931C4FF3}
		{106B4FC9-D87E-45FE-9CBD-27CE7CE1A42C} = {BD1A856D-0DF4-4252-97B8-CFB53F0DE4DB}
		{27C571F4-9C27-423C-81D5-38B49BC5F9A0} = {BD1A856D-0DF4-4252-97B8-CFB53F0DE4DB}
		{FFDBE84D-B9F3-4130-BB77-2C5BE3855060} = {1895D004-28BE-48D7-A80F-AA73E87F72C2}
		{A0D0C673-F920-44B4-9C65-2DB720E0A8E5} = {5002D92B-22AA-40F6-A5F5-7FC85CD77B46}
		{C61BC7C9-5F5F-4C41-AD05-A115EB0CBACA} = {A0D0C673-F920-44B4-9C65-2DB720E0A8E5}
		{04F9D189-1ED2-476C-B5A4-2227A2A45CC8} = {C61BC7C9-5F5F-4C41-AD05-A115EB0CBACA}
		{CAEAC73A-05EE-41D6-B409-2E52359B43D3} = {C61BC7C9-5F5F-4C41-AD05-A115EB0CBACA}
		{536D0E89-C276-4176-A139-EC94C356B144} = {C61BC7C9-5F5F-4C41-AD05-A115EB0CBACA}
		{9B041ED0-8258-4DED-8B45-9359900CEC8D} = {C61BC7C9-5F5F-4C41-AD05-A115EB0CBACA}
		{B0A1798F-C28A-46C7-A211-67DF7CD5871C} = {C61BC7C9-5F5F-4C41-AD05-A115EB0CBACA}
		{21D67B8C-3BC8-4193-9BC8-2B61CCDBEDF9} = {C61BC7C9-5F5F-4C41-AD05-A115EB0CBACA}
		{0F16A4F3-B149-4766-9906-F768D19C700F} = {C61BC7C9-5F5F-4C41-AD05-A115EB0CBACA}
		{5C650F80-F72A-4D11-8C56-0A07B3FEA83F} = {C61BC7C9-5F5F-4C41-AD05-A115EB0CBACA}
		{9B5995C1-9CE5-42C4-AAF3-858CF6ECBB4B} = {C61BC7C9-5F5F-4C41-AD05-A115EB0CBACA}
		{B2B0F8E2-37F3-41B5-BBC2-7C41592E8619} = {C61BC7C9-5F5F-4C41-AD05-A115EB0CBACA}
		{9EDB3E70-BCB7-498E-BA89-21A26BFAB8AD} = {C61BC7C9-5F5F-4C41-AD05-A115EB0CBACA}
		{74950628-0724-450D-B59A-21E530984FD5} = {C61BC7C9-5F5F-4C41-AD05-A115EB0CBACA}
		{D6DDD8EE-E69D-48FC-96B0-FCD0D4AB67DA} = {C61BC7C9-5F5F-4C41-AD05-A115EB0CBACA}
		{131DDB3A-E14F-4872-BBC1-4B45ABF1A49E} = {C61BC7C9-5F5F-4C41-AD05-A115EB0CBACA}
		{BB2AC26A-D73C-4483-A090-A482CD2E3B3F} = {C61BC7C9-5F5F-4C41-AD05-A115EB0CBACA}
		{E324AFA8-D236-48C1-A1BA-A29329863576} = {C61BC7C9-5F5F-4C41-AD05-A115EB0CBACA}
		{2CF181D3-1F25-4ECC-AF89-18A0DD25C311} = {C61BC7C9-5F5F-4C41-AD05-A115EB0CBACA}
		{2BC53DB9-EA66-41C2-B6D8-8C11790BA7D5} = {C61BC7C9-5F5F-4C41-AD05-A115EB0CBACA}
		{F8418069-B483-4659-954B-F8099247C5FD} = {C61BC7C9-5F5F-4C41-AD05-A115EB0CBACA}
		{638D5E54-8866-4BAE-9432-33AEFA870CAE} = {C61BC7C9-5F5F-4C41-AD05-A115EB0CBACA}
		{F969DFC5-92BA-4DF7-8B17-5399E7776242} = {C61BC7C9-5F5F-4C41-AD05-A115EB0CBACA}
		{520D0C70-578F-45AA-B604-ACC417895440} = {C61BC7C9-5F5F-4C41-AD05-A115EB0CBACA}
		{5D666960-1864-462D-98AC-97AE21FD8335} = {C61BC7C9-5F5F-4C41-AD05-A115EB0CBACA}
		{CAADBCCA-0644-4C56-A63C-E00057C8CC35} = {C61BC7C9-5F5F-4C41-AD05-A115EB0CBACA}
		{684275E3-00F4-4E7F-B225-65A405C18AB6} = {C61BC7C9-5F5F-4C41-AD05-A115EB0CBACA}
		{6697FC3A-92A0-47CA-AEA9-5BB76BCF693B} = {C61BC7C9-5F5F-4C41-AD05-A115EB0CBACA}
		{796BD9E4-57DE-42AD-8485-17373624A7A9} = {C61BC7C9-5F5F-4C41-AD05-A115EB0CBACA}
		{00B72EE5-C374-4367-867E-169BBFA12B8D} = {C61BC7C9-5F5F-4C41-AD05-A115EB0CBACA}
		{CAFD87BD-BD8F-4D09-B75A-187CF2C508B6} = {C61BC7C9-5F5F-4C41-AD05-A115EB0CBACA}
		{F1135F95-7A2D-4391-82EA-0CA6C6BBD640} = {C61BC7C9-5F5F-4C41-AD05-A115EB0CBACA}
		{46C149D0-846B-4D96-8F10-32BA70B7B56E} = {C61BC7C9-5F5F-4C41-AD05-A115EB0CBACA}
		{3B32DC74-DAD0-46CA-8124-8C52C58ABD7D} = {C61BC7C9-5F5F-4C41-AD05-A115EB0CBACA}
		{ABBA1A83-6A3C-4357-85A5-84FD8DC274C5} = {C61BC7C9-5F5F-4C41-AD05-A115EB0CBACA}
		{B750BDF9-10F8-4579-A51C-425F3F4832B8} = {C61BC7C9-5F5F-4C41-AD05-A115EB0CBACA}
		{2F7D0869-A3C4-4556-9DA3-29CD2784DB47} = {C61BC7C9-5F5F-4C41-AD05-A115EB0CBACA}
	EndGlobalSection
	GlobalSection(ExtensibilityGlobals) = postSolution
		SolutionGuid = {9147DE26-FD32-48D0-8494-31AC4D3532E1}
	EndGlobalSection
EndGlobal
